
Microsoft Visual Studio Solution File, Format Version 12.00
# Visual Studio 15
VisualStudioVersion = 15.0.27703.2026
MinimumVisualStudioVersion = 10.0.40219.1
Project("{FAE04EC0-301F-11D3-BF4B-00C04F79EFBC}") = "RegistrationOfStudents", "RegistrationOfStudents\RegistrationOfStudents.csproj", "{DF994F17-8697-4C01-9266-78FB46B21753}"
EndProject
Global
	GlobalSection(SolutionConfigurationPlatforms) = preSolution
		Debug|Any CPU = Debug|Any CPU
		Release|Any CPU = Release|Any CPU
	EndGlobalSection
	GlobalSection(ProjectConfigurationPlatforms) = postSolution
		{DF994F17-8697-4C01-9266-78FB46B21753}.Debug|Any CPU.ActiveCfg = Debug|Any CPU
		{DF994F17-8697-4C01-9266-78FB46B21753}.Debug|Any CPU.Build.0 = Debug|Any CPU
		{DF994F17-8697-4C01-9266-78FB46B21753}.Release|Any CPU.ActiveCfg = Release|Any CPU
		{DF994F17-8697-4C01-9266-78FB46B21753}.Release|Any CPU.Build.0 = Release|Any CPU
	EndGlobalSection
	GlobalSection(SolutionProperties) = preSolution
		HideSolutionNode = FALSE
	EndGlobalSection
	GlobalSection(ExtensibilityGlobals) = postSolution
		SolutionGuid = {A29AB5AC-6F11-4089-AC3F-04303D01D3D5}
	EndGlobalSection
EndGlobal
